
Microsoft Visual Studio Solution File, Format Version 11.00
# Visual Studio 2010
Project("{FAE04EC0-301F-11D3-BF4B-00C04F79EFBC}") = "CCG-Horde", "CCG-Horde\CCG-Horde\CCG-Horde.csproj", "{2EF66A9B-7AD6-4777-88FC-96EC9D511C72}"
EndProject
Project("{96E2B04D-8817-42C6-938A-82C39BA4D311}") = "CCG-HordeContent", "CCG-Horde\CCG-HordeContent\CCG-HordeContent.contentproj", "{CFF9E4C7-F8F6-4B45-A1C3-7820D299C891}"
EndProject
Global
	GlobalSection(SolutionConfigurationPlatforms) = preSolution
		Debug|x86 = Debug|x86
		Release|x86 = Release|x86
	EndGlobalSection
	GlobalSection(ProjectConfigurationPlatforms) = postSolution
		{2EF66A9B-7AD6-4777-88FC-96EC9D511C72}.Debug|x86.ActiveCfg = Debug|x86
		{2EF66A9B-7AD6-4777-88FC-96EC9D511C72}.Debug|x86.Build.0 = Debug|x86
		{2EF66A9B-7AD6-4777-88FC-96EC9D511C72}.Release|x86.ActiveCfg = Release|x86
		{2EF66A9B-7AD6-4777-88FC-96EC9D511C72}.Release|x86.Build.0 = Release|x86
		{CFF9E4C7-F8F6-4B45-A1C3-7820D299C891}.Debug|x86.ActiveCfg = Debug|x86
		{CFF9E4C7-F8F6-4B45-A1C3-7820D299C891}.Release|x86.ActiveCfg = Release|x86
	EndGlobalSection
	GlobalSection(SolutionProperties) = preSolution
		HideSolutionNode = FALSE
	EndGlobalSection
EndGlobal
